
Microsoft Visual Studio Solution File, Format Version 12.00
# Visual Studio Version 17
VisualStudioVersion = 17.14.36310.24 d17.14
MinimumVisualStudioVersion = 10.0.40219.1
Project("{FAE04EC0-301F-11D3-BF4B-00C04F79EFBC}") = "ASP.NetGetRequestDemo", "ASP.NetGetRequestDemo\ASP.NetGetRequestDemo.csproj", "{0D95519D-1DC9-4D33-BEF5-9BBFD7E1E151}"
EndProject
Global
	GlobalSection(SolutionConfigurationPlatforms) = preSolution
		Debug|Any CPU = Debug|Any CPU
		Release|Any CPU = Release|Any CPU
	EndGlobalSection
	GlobalSection(ProjectConfigurationPlatforms) = postSolution
		{0D95519D-1DC9-4D33-BEF5-9BBFD7E1E151}.Debug|Any CPU.ActiveCfg = Debug|Any CPU
		{0D95519D-1DC9-4D33-BEF5-9BBFD7E1E151}.Debug|Any CPU.Build.0 = Debug|Any CPU
		{0D95519D-1DC9-4D33-BEF5-9BBFD7E1E151}.Release|Any CPU.ActiveCfg = Release|Any CPU
		{0D95519D-1DC9-4D33-BEF5-9BBFD7E1E151}.Release|Any CPU.Build.0 = Release|Any CPU
	EndGlobalSection
	GlobalSection(SolutionProperties) = preSolution
		HideSolutionNode = FALSE
	EndGlobalSection
	GlobalSection(ExtensibilityGlobals) = postSolution
		SolutionGuid = {154E18A9-24DE-4A9D-BF43-94C043ACCBB8}
	EndGlobalSection
EndGlobal
