
Microsoft Visual Studio Solution File, Format Version 12.00
# Visual Studio Version 17
VisualStudioVersion = 17.14.36310.24 d17.14
MinimumVisualStudioVersion = 10.0.40219.1
Project("{FAE04EC0-301F-11D3-BF4B-00C04F79EFBC}") = "ModelBindingAIO", "ModelBindingAIO\ModelBindingAIO.csproj", "{8114AAEF-FAE3-4124-BCEB-8BA625819C68}"
EndProject
Global
	GlobalSection(SolutionConfigurationPlatforms) = preSolution
		Debug|Any CPU = Debug|Any CPU
		Release|Any CPU = Release|Any CPU
	EndGlobalSection
	GlobalSection(ProjectConfigurationPlatforms) = postSolution
		{8114AAEF-FAE3-4124-BCEB-8BA625819C68}.Debug|Any CPU.ActiveCfg = Debug|Any CPU
		{8114AAEF-FAE3-4124-BCEB-8BA625819C68}.Debug|Any CPU.Build.0 = Debug|Any CPU
		{8114AAEF-FAE3-4124-BCEB-8BA625819C68}.Release|Any CPU.ActiveCfg = Release|Any CPU
		{8114AAEF-FAE3-4124-BCEB-8BA625819C68}.Release|Any CPU.Build.0 = Release|Any CPU
	EndGlobalSection
	GlobalSection(SolutionProperties) = preSolution
		HideSolutionNode = FALSE
	EndGlobalSection
	GlobalSection(ExtensibilityGlobals) = postSolution
		SolutionGuid = {667818F3-2F22-4062-8139-BBA0E9193FB3}
	EndGlobalSection
EndGlobal
