
Microsoft Visual Studio Solution File, Format Version 12.00
# Visual Studio Version 17
VisualStudioVersion = 17.14.36310.24 d17.14
MinimumVisualStudioVersion = 10.0.40219.1
Project("{FAE04EC0-301F-11D3-BF4B-00C04F79EFBC}") = "ViewModel-VS-StronglyTypedViews", "ViewModel-VS-StronglyTypedViews\ViewModel-VS-StronglyTypedViews.csproj", "{FEC569B8-15BC-42F7-A063-57E5DD7C702F}"
EndProject
Global
	GlobalSection(SolutionConfigurationPlatforms) = preSolution
		Debug|Any CPU = Debug|Any CPU
		Release|Any CPU = Release|Any CPU
	EndGlobalSection
	GlobalSection(ProjectConfigurationPlatforms) = postSolution
		{FEC569B8-15BC-42F7-A063-57E5DD7C702F}.Debug|Any CPU.ActiveCfg = Debug|Any CPU
		{FEC569B8-15BC-42F7-A063-57E5DD7C702F}.Debug|Any CPU.Build.0 = Debug|Any CPU
		{FEC569B8-15BC-42F7-A063-57E5DD7C702F}.Release|Any CPU.ActiveCfg = Release|Any CPU
		{FEC569B8-15BC-42F7-A063-57E5DD7C702F}.Release|Any CPU.Build.0 = Release|Any CPU
	EndGlobalSection
	GlobalSection(SolutionProperties) = preSolution
		HideSolutionNode = FALSE
	EndGlobalSection
	GlobalSection(ExtensibilityGlobals) = postSolution
		SolutionGuid = {2350C2F0-701C-455A-9A50-94FE8FADF16B}
	EndGlobalSection
EndGlobal
